
Microsoft Visual Studio Solution File, Format Version 12.00
# Visual Studio Version 17
VisualStudioVersion = 17.0.31903.59
MinimumVisualStudioVersion = 10.0.40219.1
Project("{2150E333-8FDC-42A3-9474-1A3956D46DE8}") = "src", "src", "{827E0CD3-B72D-47B6-A68D-7590B98EB39B}"
EndProject
Project("{FAE04EC0-301F-11D3-BF4B-00C04F79EFBC}") = "HeroMessaging.Core", "src\HeroMessaging.Core\HeroMessaging.Core.csproj", "{F7B90F63-C855-47AC-8041-714D908DEADF}"
EndProject
Project("{FAE04EC0-301F-11D3-BF4B-00C04F79EFBC}") = "HeroMessaging.Abstractions", "src\HeroMessaging.Abstractions\HeroMessaging.Abstractions.csproj", "{FA0A794E-4DB3-4EEF-8305-1748752AB3BF}"
EndProject
Project("{FAE04EC0-301F-11D3-BF4B-00C04F79EFBC}") = "HeroMessaging.Storage.SqlServer", "src\HeroMessaging.Storage.SqlServer\HeroMessaging.Storage.SqlServer.csproj", "{15915D33-D606-44CC-9CAD-C1F9CD341712}"
EndProject
Project("{FAE04EC0-301F-11D3-BF4B-00C04F79EFBC}") = "HeroMessaging.Storage.PostgreSql", "src\HeroMessaging.Storage.PostgreSql\HeroMessaging.Storage.PostgreSql.csproj", "{2E8AF031-8235-4D4C-BC60-A6D664C65467}"
EndProject
Project("{FAE04EC0-301F-11D3-BF4B-00C04F79EFBC}") = "HeroMessaging.Serialization.Json", "src\HeroMessaging.Serialization.Json\HeroMessaging.Serialization.Json.csproj", "{74AF8ADF-B9A2-4A6E-A137-22794B5BD2E4}"
EndProject
Project("{FAE04EC0-301F-11D3-BF4B-00C04F79EFBC}") = "HeroMessaging.Serialization.MessagePack", "src\HeroMessaging.Serialization.MessagePack\HeroMessaging.Serialization.MessagePack.csproj", "{B576A28E-1287-47AB-9C8A-1F57C4153A43}"
EndProject
Project("{FAE04EC0-301F-11D3-BF4B-00C04F79EFBC}") = "HeroMessaging.Serialization.Protobuf", "src\HeroMessaging.Serialization.Protobuf\HeroMessaging.Serialization.Protobuf.csproj", "{05220F56-284B-4030-8CA3-AC6DB18329B1}"
EndProject
Project("{FAE04EC0-301F-11D3-BF4B-00C04F79EFBC}") = "HeroMessaging.OpenTelemetry", "src\HeroMessaging.OpenTelemetry\HeroMessaging.OpenTelemetry.csproj", "{C27E4D22-1618-4560-807B-31F3F58B315F}"
EndProject
Project("{2150E333-8FDC-42A3-9474-1A3956D46DE8}") = "tests", "tests", "{0AB3BF05-4346-4AA6-1389-037BE0695223}"
EndProject
Project("{FAE04EC0-301F-11D3-BF4B-00C04F79EFBC}") = "HeroMessaging.Tests.Unit", "tests\HeroMessaging.Tests.Unit\HeroMessaging.Tests.Unit.csproj", "{8712E0E1-4B29-4B9B-9668-7791A8DCA8B1}"
EndProject
Global
	GlobalSection(SolutionConfigurationPlatforms) = preSolution
		Debug|Any CPU = Debug|Any CPU
		Debug|x64 = Debug|x64
		Debug|x86 = Debug|x86
		Release|Any CPU = Release|Any CPU
		Release|x64 = Release|x64
		Release|x86 = Release|x86
	EndGlobalSection
	GlobalSection(ProjectConfigurationPlatforms) = postSolution
		{F7B90F63-C855-47AC-8041-714D908DEADF}.Debug|Any CPU.ActiveCfg = Debug|Any CPU
		{F7B90F63-C855-47AC-8041-714D908DEADF}.Debug|Any CPU.Build.0 = Debug|Any CPU
		{F7B90F63-C855-47AC-8041-714D908DEADF}.Debug|x64.ActiveCfg = Debug|Any CPU
		{F7B90F63-C855-47AC-8041-714D908DEADF}.Debug|x64.Build.0 = Debug|Any CPU
		{F7B90F63-C855-47AC-8041-714D908DEADF}.Debug|x86.ActiveCfg = Debug|Any CPU
		{F7B90F63-C855-47AC-8041-714D908DEADF}.Debug|x86.Build.0 = Debug|Any CPU
		{F7B90F63-C855-47AC-8041-714D908DEADF}.Release|Any CPU.ActiveCfg = Release|Any CPU
		{F7B90F63-C855-47AC-8041-714D908DEADF}.Release|Any CPU.Build.0 = Release|Any CPU
		{F7B90F63-C855-47AC-8041-714D908DEADF}.Release|x64.ActiveCfg = Release|Any CPU
		{F7B90F63-C855-47AC-8041-714D908DEADF}.Release|x64.Build.0 = Release|Any CPU
		{F7B90F63-C855-47AC-8041-714D908DEADF}.Release|x86.ActiveCfg = Release|Any CPU
		{F7B90F63-C855-47AC-8041-714D908DEADF}.Release|x86.Build.0 = Release|Any CPU
		{FA0A794E-4DB3-4EEF-8305-1748752AB3BF}.Debug|Any CPU.ActiveCfg = Debug|Any CPU
		{FA0A794E-4DB3-4EEF-8305-1748752AB3BF}.Debug|Any CPU.Build.0 = Debug|Any CPU
		{FA0A794E-4DB3-4EEF-8305-1748752AB3BF}.Debug|x64.ActiveCfg = Debug|Any CPU
		{FA0A794E-4DB3-4EEF-8305-1748752AB3BF}.Debug|x64.Build.0 = Debug|Any CPU
		{FA0A794E-4DB3-4EEF-8305-1748752AB3BF}.Debug|x86.ActiveCfg = Debug|Any CPU
		{FA0A794E-4DB3-4EEF-8305-1748752AB3BF}.Debug|x86.Build.0 = Debug|Any CPU
		{FA0A794E-4DB3-4EEF-8305-1748752AB3BF}.Release|Any CPU.ActiveCfg = Release|Any CPU
		{FA0A794E-4DB3-4EEF-8305-1748752AB3BF}.Release|Any CPU.Build.0 = Release|Any CPU
		{FA0A794E-4DB3-4EEF-8305-1748752AB3BF}.Release|x64.ActiveCfg = Release|Any CPU
		{FA0A794E-4DB3-4EEF-8305-1748752AB3BF}.Release|x64.Build.0 = Release|Any CPU
		{FA0A794E-4DB3-4EEF-8305-1748752AB3BF}.Release|x86.ActiveCfg = Release|Any CPU
		{FA0A794E-4DB3-4EEF-8305-1748752AB3BF}.Release|x86.Build.0 = Release|Any CPU
		{15915D33-D606-44CC-9CAD-C1F9CD341712}.Debug|Any CPU.ActiveCfg = Debug|Any CPU
		{15915D33-D606-44CC-9CAD-C1F9CD341712}.Debug|Any CPU.Build.0 = Debug|Any CPU
		{15915D33-D606-44CC-9CAD-C1F9CD341712}.Debug|x64.ActiveCfg = Debug|Any CPU
		{15915D33-D606-44CC-9CAD-C1F9CD341712}.Debug|x64.Build.0 = Debug|Any CPU
		{15915D33-D606-44CC-9CAD-C1F9CD341712}.Debug|x86.ActiveCfg = Debug|Any CPU
		{15915D33-D606-44CC-9CAD-C1F9CD341712}.Debug|x86.Build.0 = Debug|Any CPU
		{15915D33-D606-44CC-9CAD-C1F9CD341712}.Release|Any CPU.ActiveCfg = Release|Any CPU
		{15915D33-D606-44CC-9CAD-C1F9CD341712}.Release|Any CPU.Build.0 = Release|Any CPU
		{15915D33-D606-44CC-9CAD-C1F9CD341712}.Release|x64.ActiveCfg = Release|Any CPU
		{15915D33-D606-44CC-9CAD-C1F9CD341712}.Release|x64.Build.0 = Release|Any CPU
		{15915D33-D606-44CC-9CAD-C1F9CD341712}.Release|x86.ActiveCfg = Release|Any CPU
		{15915D33-D606-44CC-9CAD-C1F9CD341712}.Release|x86.Build.0 = Release|Any CPU
		{2E8AF031-8235-4D4C-BC60-A6D664C65467}.Debug|Any CPU.ActiveCfg = Debug|Any CPU
		{2E8AF031-8235-4D4C-BC60-A6D664C65467}.Debug|Any CPU.Build.0 = Debug|Any CPU
		{2E8AF031-8235-4D4C-BC60-A6D664C65467}.Debug|x64.ActiveCfg = Debug|Any CPU
		{2E8AF031-8235-4D4C-BC60-A6D664C65467}.Debug|x64.Build.0 = Debug|Any CPU
		{2E8AF031-8235-4D4C-BC60-A6D664C65467}.Debug|x86.ActiveCfg = Debug|Any CPU
		{2E8AF031-8235-4D4C-BC60-A6D664C65467}.Debug|x86.Build.0 = Debug|Any CPU
		{2E8AF031-8235-4D4C-BC60-A6D664C65467}.Release|Any CPU.ActiveCfg = Release|Any CPU
		{2E8AF031-8235-4D4C-BC60-A6D664C65467}.Release|Any CPU.Build.0 = Release|Any CPU
		{2E8AF031-8235-4D4C-BC60-A6D664C65467}.Release|x64.ActiveCfg = Release|Any CPU
		{2E8AF031-8235-4D4C-BC60-A6D664C65467}.Release|x64.Build.0 = Release|Any CPU
		{2E8AF031-8235-4D4C-BC60-A6D664C65467}.Release|x86.ActiveCfg = Release|Any CPU
		{2E8AF031-8235-4D4C-BC60-A6D664C65467}.Release|x86.Build.0 = Release|Any CPU
		{74AF8ADF-B9A2-4A6E-A137-22794B5BD2E4}.Debug|Any CPU.ActiveCfg = Debug|Any CPU
		{74AF8ADF-B9A2-4A6E-A137-22794B5BD2E4}.Debug|Any CPU.Build.0 = Debug|Any CPU
		{74AF8ADF-B9A2-4A6E-A137-22794B5BD2E4}.Debug|x64.ActiveCfg = Debug|Any CPU
		{74AF8ADF-B9A2-4A6E-A137-22794B5BD2E4}.Debug|x64.Build.0 = Debug|Any CPU
		{74AF8ADF-B9A2-4A6E-A137-22794B5BD2E4}.Debug|x86.ActiveCfg = Debug|Any CPU
		{74AF8ADF-B9A2-4A6E-A137-22794B5BD2E4}.Debug|x86.Build.0 = Debug|Any CPU
		{74AF8ADF-B9A2-4A6E-A137-22794B5BD2E4}.Release|Any CPU.ActiveCfg = Release|Any CPU
		{74AF8ADF-B9A2-4A6E-A137-22794B5BD2E4}.Release|Any CPU.Build.0 = Release|Any CPU
		{74AF8ADF-B9A2-4A6E-A137-22794B5BD2E4}.Release|x64.ActiveCfg = Release|Any CPU
		{74AF8ADF-B9A2-4A6E-A137-22794B5BD2E4}.Release|x64.Build.0 = Release|Any CPU
		{74AF8ADF-B9A2-4A6E-A137-22794B5BD2E4}.Release|x86.ActiveCfg = Release|Any CPU
		{74AF8ADF-B9A2-4A6E-A137-22794B5BD2E4}.Release|x86.Build.0 = Release|Any CPU
		{B576A28E-1287-47AB-9C8A-1F57C4153A43}.Debug|Any CPU.ActiveCfg = Debug|Any CPU
		{B576A28E-1287-47AB-9C8A-1F57C4153A43}.Debug|Any CPU.Build.0 = Debug|Any CPU
		{B576A28E-1287-47AB-9C8A-1F57C4153A43}.Debug|x64.ActiveCfg = Debug|Any CPU
		{B576A28E-1287-47AB-9C8A-1F57C4153A43}.Debug|x64.Build.0 = Debug|Any CPU
		{B576A28E-1287-47AB-9C8A-1F57C4153A43}.Debug|x86.ActiveCfg = Debug|Any CPU
		{B576A28E-1287-47AB-9C8A-1F57C4153A43}.Debug|x86.Build.0 = Debug|Any CPU
		{B576A28E-1287-47AB-9C8A-1F57C4153A43}.Release|Any CPU.ActiveCfg = Release|Any CPU
		{B576A28E-1287-47AB-9C8A-1F57C4153A43}.Release|Any CPU.Build.0 = Release|Any CPU
		{B576A28E-1287-47AB-9C8A-1F57C4153A43}.Release|x64.ActiveCfg = Release|Any CPU
		{B576A28E-1287-47AB-9C8A-1F57C4153A43}.Release|x64.Build.0 = Release|Any CPU
		{B576A28E-1287-47AB-9C8A-1F57C4153A43}.Release|x86.ActiveCfg = Release|Any CPU
		{B576A28E-1287-47AB-9C8A-1F57C4153A43}.Release|x86.Build.0 = Release|Any CPU
		{05220F56-284B-4030-8CA3-AC6DB18329B1}.Debug|Any CPU.ActiveCfg = Debug|Any CPU
		{05220F56-284B-4030-8CA3-AC6DB18329B1}.Debug|Any CPU.Build.0 = Debug|Any CPU
		{05220F56-284B-4030-8CA3-AC6DB18329B1}.Debug|x64.ActiveCfg = Debug|Any CPU
		{05220F56-284B-4030-8CA3-AC6DB18329B1}.Debug|x64.Build.0 = Debug|Any CPU
		{05220F56-284B-4030-8CA3-AC6DB18329B1}.Debug|x86.ActiveCfg = Debug|Any CPU
		{05220F56-284B-4030-8CA3-AC6DB18329B1}.Debug|x86.Build.0 = Debug|Any CPU
		{05220F56-284B-4030-8CA3-AC6DB18329B1}.Release|Any CPU.ActiveCfg = Release|Any CPU
		{05220F56-284B-4030-8CA3-AC6DB18329B1}.Release|Any CPU.Build.0 = Release|Any CPU
		{05220F56-284B-4030-8CA3-AC6DB18329B1}.Release|x64.ActiveCfg = Release|Any CPU
		{05220F56-284B-4030-8CA3-AC6DB18329B1}.Release|x64.Build.0 = Release|Any CPU
		{05220F56-284B-4030-8CA3-AC6DB18329B1}.Release|x86.ActiveCfg = Release|Any CPU
		{05220F56-284B-4030-8CA3-AC6DB18329B1}.Release|x86.Build.0 = Release|Any CPU
		{C27E4D22-1618-4560-807B-31F3F58B315F}.Debug|Any CPU.ActiveCfg = Debug|Any CPU
		{C27E4D22-1618-4560-807B-31F3F58B315F}.Debug|Any CPU.Build.0 = Debug|Any CPU
		{C27E4D22-1618-4560-807B-31F3F58B315F}.Debug|x64.ActiveCfg = Debug|Any CPU
		{C27E4D22-1618-4560-807B-31F3F58B315F}.Debug|x64.Build.0 = Debug|Any CPU
		{C27E4D22-1618-4560-807B-31F3F58B315F}.Debug|x86.ActiveCfg = Debug|Any CPU
		{C27E4D22-1618-4560-807B-31F3F58B315F}.Debug|x86.Build.0 = Debug|Any CPU
		{C27E4D22-1618-4560-807B-31F3F58B315F}.Release|Any CPU.ActiveCfg = Release|Any CPU
		{C27E4D22-1618-4560-807B-31F3F58B315F}.Release|Any CPU.Build.0 = Release|Any CPU
		{C27E4D22-1618-4560-807B-31F3F58B315F}.Release|x64.ActiveCfg = Release|Any CPU
		{C27E4D22-1618-4560-807B-31F3F58B315F}.Release|x64.Build.0 = Release|Any CPU
		{C27E4D22-1618-4560-807B-31F3F58B315F}.Release|x86.ActiveCfg = Release|Any CPU
		{C27E4D22-1618-4560-807B-31F3F58B315F}.Release|x86.Build.0 = Release|Any CPU
		{8712E0E1-4B29-4B9B-9668-7791A8DCA8B1}.Debug|Any CPU.ActiveCfg = Debug|Any CPU
		{8712E0E1-4B29-4B9B-9668-7791A8DCA8B1}.Debug|Any CPU.Build.0 = Debug|Any CPU
		{8712E0E1-4B29-4B9B-9668-7791A8DCA8B1}.Debug|x64.ActiveCfg = Debug|Any CPU
		{8712E0E1-4B29-4B9B-9668-7791A8DCA8B1}.Debug|x64.Build.0 = Debug|Any CPU
		{8712E0E1-4B29-4B9B-9668-7791A8DCA8B1}.Debug|x86.ActiveCfg = Debug|Any CPU
		{8712E0E1-4B29-4B9B-9668-7791A8DCA8B1}.Debug|x86.Build.0 = Debug|Any CPU
		{8712E0E1-4B29-4B9B-9668-7791A8DCA8B1}.Release|Any CPU.ActiveCfg = Release|Any CPU
		{8712E0E1-4B29-4B9B-9668-7791A8DCA8B1}.Release|Any CPU.Build.0 = Release|Any CPU
		{8712E0E1-4B29-4B9B-9668-7791A8DCA8B1}.Release|x64.ActiveCfg = Release|Any CPU
		{8712E0E1-4B29-4B9B-9668-7791A8DCA8B1}.Release|x64.Build.0 = Release|Any CPU
		{8712E0E1-4B29-4B9B-9668-7791A8DCA8B1}.Release|x86.ActiveCfg = Release|Any CPU
		{8712E0E1-4B29-4B9B-9668-7791A8DCA8B1}.Release|x86.Build.0 = Release|Any CPU
	EndGlobalSection
	GlobalSection(SolutionProperties) = preSolution
		HideSolutionNode = FALSE
	EndGlobalSection
	GlobalSection(NestedProjects) = preSolution
		{F7B90F63-C855-47AC-8041-714D908DEADF} = {827E0CD3-B72D-47B6-A68D-7590B98EB39B}
		{FA0A794E-4DB3-4EEF-8305-1748752AB3BF} = {827E0CD3-B72D-47B6-A68D-7590B98EB39B}
		{15915D33-D606-44CC-9CAD-C1F9CD341712} = {827E0CD3-B72D-47B6-A68D-7590B98EB39B}
		{2E8AF031-8235-4D4C-BC60-A6D664C65467} = {827E0CD3-B72D-47B6-A68D-7590B98EB39B}
		{74AF8ADF-B9A2-4A6E-A137-22794B5BD2E4} = {827E0CD3-B72D-47B6-A68D-7590B98EB39B}
		{B576A28E-1287-47AB-9C8A-1F57C4153A43} = {827E0CD3-B72D-47B6-A68D-7590B98EB39B}
		{05220F56-284B-4030-8CA3-AC6DB18329B1} = {827E0CD3-B72D-47B6-A68D-7590B98EB39B}
		{C27E4D22-1618-4560-807B-31F3F58B315F} = {827E0CD3-B72D-47B6-A68D-7590B98EB39B}
		{8712E0E1-4B29-4B9B-9668-7791A8DCA8B1} = {0AB3BF05-4346-4AA6-1389-037BE0695223}
	EndGlobalSection
EndGlobal
