
Microsoft Visual Studio Solution File, Format Version 12.00
# Visual Studio Version 18
VisualStudioVersion = 18.0.11018.127
MinimumVisualStudioVersion = 10.0.40219.1
Project("{2150E333-8FDC-42A3-9474-1A3956D46DE8}") = "src", "src", "{827E0CD3-B72D-47B6-A68D-7590B98EB39B}"
EndProject
Project("{FAE04EC0-301F-11D3-BF4B-00C04F79EFBC}") = "HeroMessaging.Abstractions", "src\HeroMessaging.Abstractions\HeroMessaging.Abstractions.csproj", "{FA0A794E-4DB3-4EEF-8305-1748752AB3BF}"
EndProject
Project("{FAE04EC0-301F-11D3-BF4B-00C04F79EFBC}") = "HeroMessaging.Serialization.Json", "src\HeroMessaging.Serialization.Json\HeroMessaging.Serialization.Json.csproj", "{74AF8ADF-B9A2-4A6E-A137-22794B5BD2E4}"
EndProject
Project("{FAE04EC0-301F-11D3-BF4B-00C04F79EFBC}") = "HeroMessaging.Serialization.MessagePack", "src\HeroMessaging.Serialization.MessagePack\HeroMessaging.Serialization.MessagePack.csproj", "{B576A28E-1287-47AB-9C8A-1F57C4153A43}"
EndProject
Project("{FAE04EC0-301F-11D3-BF4B-00C04F79EFBC}") = "HeroMessaging.Serialization.Protobuf", "src\HeroMessaging.Serialization.Protobuf\HeroMessaging.Serialization.Protobuf.csproj", "{05220F56-284B-4030-8CA3-AC6DB18329B1}"
EndProject
Project("{FAE04EC0-301F-11D3-BF4B-00C04F79EFBC}") = "HeroMessaging.Observability.HealthChecks", "src\HeroMessaging.Observability.HealthChecks\HeroMessaging.Observability.HealthChecks.csproj", "{4A6D1DEE-8835-4F85-A0AC-7E6E77C63A5B}"
EndProject
Project("{FAE04EC0-301F-11D3-BF4B-00C04F79EFBC}") = "HeroMessaging.Observability.OpenTelemetry", "src\HeroMessaging.Observability.OpenTelemetry\HeroMessaging.Observability.OpenTelemetry.csproj", "{64B317F9-5133-4953-B988-2D1D02ABCB4E}"
EndProject
Project("{FAE04EC0-301F-11D3-BF4B-00C04F79EFBC}") = "HeroMessaging", "src\HeroMessaging\HeroMessaging.csproj", "{3F193C49-4977-4B09-B64A-87EF9F7E5B92}"
EndProject
Project("{2150E333-8FDC-42A3-9474-1A3956D46DE8}") = "tests", "tests", "{0AB3BF05-4346-4AA6-1389-037BE0695223}"
EndProject
Project("{FAE04EC0-301F-11D3-BF4B-00C04F79EFBC}") = "HeroMessaging.Tests", "tests\HeroMessaging.Tests\HeroMessaging.Tests.csproj", "{BF856A84-8E10-4907-BBBF-3303A5CA08A4}"
EndProject
Project("{FAE04EC0-301F-11D3-BF4B-00C04F79EFBC}") = "HeroMessaging.Contract.Tests", "tests\HeroMessaging.Contract.Tests\HeroMessaging.Contract.Tests.csproj", "{1BA14BB4-F77D-4FE0-9577-277DDAC044A0}"
EndProject
Project("{FAE04EC0-301F-11D3-BF4B-00C04F79EFBC}") = "HeroMessaging.Storage.PostgreSql", "src\HeroMessaging.Storage.PostgreSql\HeroMessaging.Storage.PostgreSql.csproj", "{8E43A100-86F6-4CE5-8530-648532B375DC}"
EndProject
Project("{FAE04EC0-301F-11D3-BF4B-00C04F79EFBC}") = "HeroMessaging.Storage.SqlServer", "src\HeroMessaging.Storage.SqlServer\HeroMessaging.Storage.SqlServer.csproj", "{5D538DC8-BFEF-4F42-B27D-8F207532212C}"
EndProject
Project("{FAE04EC0-301F-11D3-BF4B-00C04F79EFBC}") = "HeroMessaging.Storage.PostgreSql.Tests", "tests\HeroMessaging.Storage.PostgreSql.Tests\HeroMessaging.Storage.PostgreSql.Tests.csproj", "{C57882BB-1F0B-467C-91EE-35870B6FE813}"
EndProject
Project("{FAE04EC0-301F-11D3-BF4B-00C04F79EFBC}") = "HeroMessaging.Benchmarks", "tests\HeroMessaging.Benchmarks\HeroMessaging.Benchmarks.csproj", "{A1B2C3D4-E5F6-4A5B-8C7D-9E0F1A2B3C4D}"
EndProject
Project("{FAE04EC0-301F-11D3-BF4B-00C04F79EFBC}") = "HeroMessaging.Tests.Integration", "tests\HeroMessaging.Tests.Integration\HeroMessaging.Tests.Integration.csproj", "{51E3BC71-6EA3-4361-A9AC-46014057F79C}"
EndProject
Global
	GlobalSection(SolutionConfigurationPlatforms) = preSolution
		Debug|Any CPU = Debug|Any CPU
		Debug|x64 = Debug|x64
		Debug|x86 = Debug|x86
		Release|Any CPU = Release|Any CPU
		Release|x64 = Release|x64
		Release|x86 = Release|x86
	EndGlobalSection
	GlobalSection(ProjectConfigurationPlatforms) = postSolution
		{FA0A794E-4DB3-4EEF-8305-1748752AB3BF}.Debug|Any CPU.ActiveCfg = Debug|Any CPU
		{FA0A794E-4DB3-4EEF-8305-1748752AB3BF}.Debug|Any CPU.Build.0 = Debug|Any CPU
		{FA0A794E-4DB3-4EEF-8305-1748752AB3BF}.Debug|x64.ActiveCfg = Debug|Any CPU
		{FA0A794E-4DB3-4EEF-8305-1748752AB3BF}.Debug|x64.Build.0 = Debug|Any CPU
		{FA0A794E-4DB3-4EEF-8305-1748752AB3BF}.Debug|x86.ActiveCfg = Debug|Any CPU
		{FA0A794E-4DB3-4EEF-8305-1748752AB3BF}.Debug|x86.Build.0 = Debug|Any CPU
		{FA0A794E-4DB3-4EEF-8305-1748752AB3BF}.Release|Any CPU.ActiveCfg = Release|Any CPU
		{FA0A794E-4DB3-4EEF-8305-1748752AB3BF}.Release|Any CPU.Build.0 = Release|Any CPU
		{FA0A794E-4DB3-4EEF-8305-1748752AB3BF}.Release|x64.ActiveCfg = Release|Any CPU
		{FA0A794E-4DB3-4EEF-8305-1748752AB3BF}.Release|x64.Build.0 = Release|Any CPU
		{FA0A794E-4DB3-4EEF-8305-1748752AB3BF}.Release|x86.ActiveCfg = Release|Any CPU
		{FA0A794E-4DB3-4EEF-8305-1748752AB3BF}.Release|x86.Build.0 = Release|Any CPU
		{74AF8ADF-B9A2-4A6E-A137-22794B5BD2E4}.Debug|Any CPU.ActiveCfg = Debug|Any CPU
		{74AF8ADF-B9A2-4A6E-A137-22794B5BD2E4}.Debug|Any CPU.Build.0 = Debug|Any CPU
		{74AF8ADF-B9A2-4A6E-A137-22794B5BD2E4}.Debug|x64.ActiveCfg = Debug|Any CPU
		{74AF8ADF-B9A2-4A6E-A137-22794B5BD2E4}.Debug|x64.Build.0 = Debug|Any CPU
		{74AF8ADF-B9A2-4A6E-A137-22794B5BD2E4}.Debug|x86.ActiveCfg = Debug|Any CPU
		{74AF8ADF-B9A2-4A6E-A137-22794B5BD2E4}.Debug|x86.Build.0 = Debug|Any CPU
		{74AF8ADF-B9A2-4A6E-A137-22794B5BD2E4}.Release|Any CPU.ActiveCfg = Release|Any CPU
		{74AF8ADF-B9A2-4A6E-A137-22794B5BD2E4}.Release|Any CPU.Build.0 = Release|Any CPU
		{74AF8ADF-B9A2-4A6E-A137-22794B5BD2E4}.Release|x64.ActiveCfg = Release|Any CPU
		{74AF8ADF-B9A2-4A6E-A137-22794B5BD2E4}.Release|x64.Build.0 = Release|Any CPU
		{74AF8ADF-B9A2-4A6E-A137-22794B5BD2E4}.Release|x86.ActiveCfg = Release|Any CPU
		{74AF8ADF-B9A2-4A6E-A137-22794B5BD2E4}.Release|x86.Build.0 = Release|Any CPU
		{B576A28E-1287-47AB-9C8A-1F57C4153A43}.Debug|Any CPU.ActiveCfg = Debug|Any CPU
		{B576A28E-1287-47AB-9C8A-1F57C4153A43}.Debug|Any CPU.Build.0 = Debug|Any CPU
		{B576A28E-1287-47AB-9C8A-1F57C4153A43}.Debug|x64.ActiveCfg = Debug|Any CPU
		{B576A28E-1287-47AB-9C8A-1F57C4153A43}.Debug|x64.Build.0 = Debug|Any CPU
		{B576A28E-1287-47AB-9C8A-1F57C4153A43}.Debug|x86.ActiveCfg = Debug|Any CPU
		{B576A28E-1287-47AB-9C8A-1F57C4153A43}.Debug|x86.Build.0 = Debug|Any CPU
		{B576A28E-1287-47AB-9C8A-1F57C4153A43}.Release|Any CPU.ActiveCfg = Release|Any CPU
		{B576A28E-1287-47AB-9C8A-1F57C4153A43}.Release|Any CPU.Build.0 = Release|Any CPU
		{B576A28E-1287-47AB-9C8A-1F57C4153A43}.Release|x64.ActiveCfg = Release|Any CPU
		{B576A28E-1287-47AB-9C8A-1F57C4153A43}.Release|x64.Build.0 = Release|Any CPU
		{B576A28E-1287-47AB-9C8A-1F57C4153A43}.Release|x86.ActiveCfg = Release|Any CPU
		{B576A28E-1287-47AB-9C8A-1F57C4153A43}.Release|x86.Build.0 = Release|Any CPU
		{05220F56-284B-4030-8CA3-AC6DB18329B1}.Debug|Any CPU.ActiveCfg = Debug|Any CPU
		{05220F56-284B-4030-8CA3-AC6DB18329B1}.Debug|Any CPU.Build.0 = Debug|Any CPU
		{05220F56-284B-4030-8CA3-AC6DB18329B1}.Debug|x64.ActiveCfg = Debug|Any CPU
		{05220F56-284B-4030-8CA3-AC6DB18329B1}.Debug|x64.Build.0 = Debug|Any CPU
		{05220F56-284B-4030-8CA3-AC6DB18329B1}.Debug|x86.ActiveCfg = Debug|Any CPU
		{05220F56-284B-4030-8CA3-AC6DB18329B1}.Debug|x86.Build.0 = Debug|Any CPU
		{05220F56-284B-4030-8CA3-AC6DB18329B1}.Release|Any CPU.ActiveCfg = Release|Any CPU
		{05220F56-284B-4030-8CA3-AC6DB18329B1}.Release|Any CPU.Build.0 = Release|Any CPU
		{05220F56-284B-4030-8CA3-AC6DB18329B1}.Release|x64.ActiveCfg = Release|Any CPU
		{05220F56-284B-4030-8CA3-AC6DB18329B1}.Release|x64.Build.0 = Release|Any CPU
		{05220F56-284B-4030-8CA3-AC6DB18329B1}.Release|x86.ActiveCfg = Release|Any CPU
		{05220F56-284B-4030-8CA3-AC6DB18329B1}.Release|x86.Build.0 = Release|Any CPU
		{4A6D1DEE-8835-4F85-A0AC-7E6E77C63A5B}.Debug|Any CPU.ActiveCfg = Debug|Any CPU
		{4A6D1DEE-8835-4F85-A0AC-7E6E77C63A5B}.Debug|Any CPU.Build.0 = Debug|Any CPU
		{4A6D1DEE-8835-4F85-A0AC-7E6E77C63A5B}.Debug|x64.ActiveCfg = Debug|Any CPU
		{4A6D1DEE-8835-4F85-A0AC-7E6E77C63A5B}.Debug|x64.Build.0 = Debug|Any CPU
		{4A6D1DEE-8835-4F85-A0AC-7E6E77C63A5B}.Debug|x86.ActiveCfg = Debug|Any CPU
		{4A6D1DEE-8835-4F85-A0AC-7E6E77C63A5B}.Debug|x86.Build.0 = Debug|Any CPU
		{4A6D1DEE-8835-4F85-A0AC-7E6E77C63A5B}.Release|Any CPU.ActiveCfg = Release|Any CPU
		{4A6D1DEE-8835-4F85-A0AC-7E6E77C63A5B}.Release|Any CPU.Build.0 = Release|Any CPU
		{4A6D1DEE-8835-4F85-A0AC-7E6E77C63A5B}.Release|x64.ActiveCfg = Release|Any CPU
		{4A6D1DEE-8835-4F85-A0AC-7E6E77C63A5B}.Release|x64.Build.0 = Release|Any CPU
		{4A6D1DEE-8835-4F85-A0AC-7E6E77C63A5B}.Release|x86.ActiveCfg = Release|Any CPU
		{4A6D1DEE-8835-4F85-A0AC-7E6E77C63A5B}.Release|x86.Build.0 = Release|Any CPU
		{64B317F9-5133-4953-B988-2D1D02ABCB4E}.Debug|Any CPU.ActiveCfg = Debug|Any CPU
		{64B317F9-5133-4953-B988-2D1D02ABCB4E}.Debug|Any CPU.Build.0 = Debug|Any CPU
		{64B317F9-5133-4953-B988-2D1D02ABCB4E}.Debug|x64.ActiveCfg = Debug|Any CPU
		{64B317F9-5133-4953-B988-2D1D02ABCB4E}.Debug|x64.Build.0 = Debug|Any CPU
		{64B317F9-5133-4953-B988-2D1D02ABCB4E}.Debug|x86.ActiveCfg = Debug|Any CPU
		{64B317F9-5133-4953-B988-2D1D02ABCB4E}.Debug|x86.Build.0 = Debug|Any CPU
		{64B317F9-5133-4953-B988-2D1D02ABCB4E}.Release|Any CPU.ActiveCfg = Release|Any CPU
		{64B317F9-5133-4953-B988-2D1D02ABCB4E}.Release|Any CPU.Build.0 = Release|Any CPU
		{64B317F9-5133-4953-B988-2D1D02ABCB4E}.Release|x64.ActiveCfg = Release|Any CPU
		{64B317F9-5133-4953-B988-2D1D02ABCB4E}.Release|x64.Build.0 = Release|Any CPU
		{64B317F9-5133-4953-B988-2D1D02ABCB4E}.Release|x86.ActiveCfg = Release|Any CPU
		{64B317F9-5133-4953-B988-2D1D02ABCB4E}.Release|x86.Build.0 = Release|Any CPU
		{3F193C49-4977-4B09-B64A-87EF9F7E5B92}.Debug|Any CPU.ActiveCfg = Debug|Any CPU
		{3F193C49-4977-4B09-B64A-87EF9F7E5B92}.Debug|Any CPU.Build.0 = Debug|Any CPU
		{3F193C49-4977-4B09-B64A-87EF9F7E5B92}.Debug|x64.ActiveCfg = Debug|Any CPU
		{3F193C49-4977-4B09-B64A-87EF9F7E5B92}.Debug|x64.Build.0 = Debug|Any CPU
		{3F193C49-4977-4B09-B64A-87EF9F7E5B92}.Debug|x86.ActiveCfg = Debug|Any CPU
		{3F193C49-4977-4B09-B64A-87EF9F7E5B92}.Debug|x86.Build.0 = Debug|Any CPU
		{3F193C49-4977-4B09-B64A-87EF9F7E5B92}.Release|Any CPU.ActiveCfg = Release|Any CPU
		{3F193C49-4977-4B09-B64A-87EF9F7E5B92}.Release|Any CPU.Build.0 = Release|Any CPU
		{3F193C49-4977-4B09-B64A-87EF9F7E5B92}.Release|x64.ActiveCfg = Release|Any CPU
		{3F193C49-4977-4B09-B64A-87EF9F7E5B92}.Release|x64.Build.0 = Release|Any CPU
		{3F193C49-4977-4B09-B64A-87EF9F7E5B92}.Release|x86.ActiveCfg = Release|Any CPU
		{3F193C49-4977-4B09-B64A-87EF9F7E5B92}.Release|x86.Build.0 = Release|Any CPU
		{BF856A84-8E10-4907-BBBF-3303A5CA08A4}.Debug|Any CPU.ActiveCfg = Debug|Any CPU
		{BF856A84-8E10-4907-BBBF-3303A5CA08A4}.Debug|Any CPU.Build.0 = Debug|Any CPU
		{BF856A84-8E10-4907-BBBF-3303A5CA08A4}.Debug|x64.ActiveCfg = Debug|Any CPU
		{BF856A84-8E10-4907-BBBF-3303A5CA08A4}.Debug|x64.Build.0 = Debug|Any CPU
		{BF856A84-8E10-4907-BBBF-3303A5CA08A4}.Debug|x86.ActiveCfg = Debug|Any CPU
		{BF856A84-8E10-4907-BBBF-3303A5CA08A4}.Debug|x86.Build.0 = Debug|Any CPU
		{BF856A84-8E10-4907-BBBF-3303A5CA08A4}.Release|Any CPU.ActiveCfg = Release|Any CPU
		{BF856A84-8E10-4907-BBBF-3303A5CA08A4}.Release|Any CPU.Build.0 = Release|Any CPU
		{BF856A84-8E10-4907-BBBF-3303A5CA08A4}.Release|x64.ActiveCfg = Release|Any CPU
		{BF856A84-8E10-4907-BBBF-3303A5CA08A4}.Release|x64.Build.0 = Release|Any CPU
		{BF856A84-8E10-4907-BBBF-3303A5CA08A4}.Release|x86.ActiveCfg = Release|Any CPU
		{BF856A84-8E10-4907-BBBF-3303A5CA08A4}.Release|x86.Build.0 = Release|Any CPU
		{1BA14BB4-F77D-4FE0-9577-277DDAC044A0}.Debug|Any CPU.ActiveCfg = Debug|Any CPU
		{1BA14BB4-F77D-4FE0-9577-277DDAC044A0}.Debug|Any CPU.Build.0 = Debug|Any CPU
		{1BA14BB4-F77D-4FE0-9577-277DDAC044A0}.Debug|x64.ActiveCfg = Debug|Any CPU
		{1BA14BB4-F77D-4FE0-9577-277DDAC044A0}.Debug|x64.Build.0 = Debug|Any CPU
		{1BA14BB4-F77D-4FE0-9577-277DDAC044A0}.Debug|x86.ActiveCfg = Debug|Any CPU
		{1BA14BB4-F77D-4FE0-9577-277DDAC044A0}.Debug|x86.Build.0 = Debug|Any CPU
		{1BA14BB4-F77D-4FE0-9577-277DDAC044A0}.Release|Any CPU.ActiveCfg = Release|Any CPU
		{1BA14BB4-F77D-4FE0-9577-277DDAC044A0}.Release|Any CPU.Build.0 = Release|Any CPU
		{1BA14BB4-F77D-4FE0-9577-277DDAC044A0}.Release|x64.ActiveCfg = Release|Any CPU
		{1BA14BB4-F77D-4FE0-9577-277DDAC044A0}.Release|x64.Build.0 = Release|Any CPU
		{1BA14BB4-F77D-4FE0-9577-277DDAC044A0}.Release|x86.ActiveCfg = Release|Any CPU
		{1BA14BB4-F77D-4FE0-9577-277DDAC044A0}.Release|x86.Build.0 = Release|Any CPU
		{8E43A100-86F6-4CE5-8530-648532B375DC}.Debug|Any CPU.ActiveCfg = Debug|Any CPU
		{8E43A100-86F6-4CE5-8530-648532B375DC}.Debug|Any CPU.Build.0 = Debug|Any CPU
		{8E43A100-86F6-4CE5-8530-648532B375DC}.Debug|x64.ActiveCfg = Debug|Any CPU
		{8E43A100-86F6-4CE5-8530-648532B375DC}.Debug|x64.Build.0 = Debug|Any CPU
		{8E43A100-86F6-4CE5-8530-648532B375DC}.Debug|x86.ActiveCfg = Debug|Any CPU
		{8E43A100-86F6-4CE5-8530-648532B375DC}.Debug|x86.Build.0 = Debug|Any CPU
		{8E43A100-86F6-4CE5-8530-648532B375DC}.Release|Any CPU.ActiveCfg = Release|Any CPU
		{8E43A100-86F6-4CE5-8530-648532B375DC}.Release|Any CPU.Build.0 = Release|Any CPU
		{8E43A100-86F6-4CE5-8530-648532B375DC}.Release|x64.ActiveCfg = Release|Any CPU
		{8E43A100-86F6-4CE5-8530-648532B375DC}.Release|x64.Build.0 = Release|Any CPU
		{8E43A100-86F6-4CE5-8530-648532B375DC}.Release|x86.ActiveCfg = Release|Any CPU
		{8E43A100-86F6-4CE5-8530-648532B375DC}.Release|x86.Build.0 = Release|Any CPU
		{5D538DC8-BFEF-4F42-B27D-8F207532212C}.Debug|Any CPU.ActiveCfg = Debug|Any CPU
		{5D538DC8-BFEF-4F42-B27D-8F207532212C}.Debug|Any CPU.Build.0 = Debug|Any CPU
		{5D538DC8-BFEF-4F42-B27D-8F207532212C}.Debug|x64.ActiveCfg = Debug|Any CPU
		{5D538DC8-BFEF-4F42-B27D-8F207532212C}.Debug|x64.Build.0 = Debug|Any CPU
		{5D538DC8-BFEF-4F42-B27D-8F207532212C}.Debug|x86.ActiveCfg = Debug|Any CPU
		{5D538DC8-BFEF-4F42-B27D-8F207532212C}.Debug|x86.Build.0 = Debug|Any CPU
		{5D538DC8-BFEF-4F42-B27D-8F207532212C}.Release|Any CPU.ActiveCfg = Release|Any CPU
		{5D538DC8-BFEF-4F42-B27D-8F207532212C}.Release|Any CPU.Build.0 = Release|Any CPU
		{5D538DC8-BFEF-4F42-B27D-8F207532212C}.Release|x64.ActiveCfg = Release|Any CPU
		{5D538DC8-BFEF-4F42-B27D-8F207532212C}.Release|x64.Build.0 = Release|Any CPU
		{5D538DC8-BFEF-4F42-B27D-8F207532212C}.Release|x86.ActiveCfg = Release|Any CPU
		{5D538DC8-BFEF-4F42-B27D-8F207532212C}.Release|x86.Build.0 = Release|Any CPU
		{C57882BB-1F0B-467C-91EE-35870B6FE813}.Debug|Any CPU.ActiveCfg = Debug|Any CPU
		{C57882BB-1F0B-467C-91EE-35870B6FE813}.Debug|Any CPU.Build.0 = Debug|Any CPU
		{C57882BB-1F0B-467C-91EE-35870B6FE813}.Debug|x64.ActiveCfg = Debug|Any CPU
		{C57882BB-1F0B-467C-91EE-35870B6FE813}.Debug|x64.Build.0 = Debug|Any CPU
		{C57882BB-1F0B-467C-91EE-35870B6FE813}.Debug|x86.ActiveCfg = Debug|Any CPU
		{C57882BB-1F0B-467C-91EE-35870B6FE813}.Debug|x86.Build.0 = Debug|Any CPU
		{C57882BB-1F0B-467C-91EE-35870B6FE813}.Release|Any CPU.ActiveCfg = Release|Any CPU
		{C57882BB-1F0B-467C-91EE-35870B6FE813}.Release|Any CPU.Build.0 = Release|Any CPU
		{C57882BB-1F0B-467C-91EE-35870B6FE813}.Release|x64.ActiveCfg = Release|Any CPU
		{C57882BB-1F0B-467C-91EE-35870B6FE813}.Release|x64.Build.0 = Release|Any CPU
		{C57882BB-1F0B-467C-91EE-35870B6FE813}.Release|x86.ActiveCfg = Release|Any CPU
		{C57882BB-1F0B-467C-91EE-35870B6FE813}.Release|x86.Build.0 = Release|Any CPU
		{A1B2C3D4-E5F6-4A5B-8C7D-9E0F1A2B3C4D}.Debug|Any CPU.ActiveCfg = Debug|Any CPU
		{A1B2C3D4-E5F6-4A5B-8C7D-9E0F1A2B3C4D}.Debug|Any CPU.Build.0 = Debug|Any CPU
		{A1B2C3D4-E5F6-4A5B-8C7D-9E0F1A2B3C4D}.Debug|x64.ActiveCfg = Debug|Any CPU
		{A1B2C3D4-E5F6-4A5B-8C7D-9E0F1A2B3C4D}.Debug|x64.Build.0 = Debug|Any CPU
		{A1B2C3D4-E5F6-4A5B-8C7D-9E0F1A2B3C4D}.Debug|x86.ActiveCfg = Debug|Any CPU
		{A1B2C3D4-E5F6-4A5B-8C7D-9E0F1A2B3C4D}.Debug|x86.Build.0 = Debug|Any CPU
		{A1B2C3D4-E5F6-4A5B-8C7D-9E0F1A2B3C4D}.Release|Any CPU.ActiveCfg = Release|Any CPU
		{A1B2C3D4-E5F6-4A5B-8C7D-9E0F1A2B3C4D}.Release|Any CPU.Build.0 = Release|Any CPU
		{A1B2C3D4-E5F6-4A5B-8C7D-9E0F1A2B3C4D}.Release|x64.ActiveCfg = Release|Any CPU
		{A1B2C3D4-E5F6-4A5B-8C7D-9E0F1A2B3C4D}.Release|x64.Build.0 = Release|Any CPU
		{A1B2C3D4-E5F6-4A5B-8C7D-9E0F1A2B3C4D}.Release|x86.ActiveCfg = Release|Any CPU
		{A1B2C3D4-E5F6-4A5B-8C7D-9E0F1A2B3C4D}.Release|x86.Build.0 = Release|Any CPU
		{51E3BC71-6EA3-4361-A9AC-46014057F79C}.Debug|Any CPU.ActiveCfg = Debug|Any CPU
		{51E3BC71-6EA3-4361-A9AC-46014057F79C}.Debug|Any CPU.Build.0 = Debug|Any CPU
		{51E3BC71-6EA3-4361-A9AC-46014057F79C}.Debug|x64.ActiveCfg = Debug|Any CPU
		{51E3BC71-6EA3-4361-A9AC-46014057F79C}.Debug|x64.Build.0 = Debug|Any CPU
		{51E3BC71-6EA3-4361-A9AC-46014057F79C}.Debug|x86.ActiveCfg = Debug|Any CPU
		{51E3BC71-6EA3-4361-A9AC-46014057F79C}.Debug|x86.Build.0 = Debug|Any CPU
		{51E3BC71-6EA3-4361-A9AC-46014057F79C}.Release|Any CPU.ActiveCfg = Release|Any CPU
		{51E3BC71-6EA3-4361-A9AC-46014057F79C}.Release|Any CPU.Build.0 = Release|Any CPU
		{51E3BC71-6EA3-4361-A9AC-46014057F79C}.Release|x64.ActiveCfg = Release|Any CPU
		{51E3BC71-6EA3-4361-A9AC-46014057F79C}.Release|x64.Build.0 = Release|Any CPU
		{51E3BC71-6EA3-4361-A9AC-46014057F79C}.Release|x86.ActiveCfg = Release|Any CPU
		{51E3BC71-6EA3-4361-A9AC-46014057F79C}.Release|x86.Build.0 = Release|Any CPU
	EndGlobalSection
	GlobalSection(SolutionProperties) = preSolution
		HideSolutionNode = FALSE
	EndGlobalSection
	GlobalSection(NestedProjects) = preSolution
		{FA0A794E-4DB3-4EEF-8305-1748752AB3BF} = {827E0CD3-B72D-47B6-A68D-7590B98EB39B}
		{74AF8ADF-B9A2-4A6E-A137-22794B5BD2E4} = {827E0CD3-B72D-47B6-A68D-7590B98EB39B}
		{B576A28E-1287-47AB-9C8A-1F57C4153A43} = {827E0CD3-B72D-47B6-A68D-7590B98EB39B}
		{05220F56-284B-4030-8CA3-AC6DB18329B1} = {827E0CD3-B72D-47B6-A68D-7590B98EB39B}
		{4A6D1DEE-8835-4F85-A0AC-7E6E77C63A5B} = {827E0CD3-B72D-47B6-A68D-7590B98EB39B}
		{64B317F9-5133-4953-B988-2D1D02ABCB4E} = {827E0CD3-B72D-47B6-A68D-7590B98EB39B}
		{3F193C49-4977-4B09-B64A-87EF9F7E5B92} = {827E0CD3-B72D-47B6-A68D-7590B98EB39B}
		{BF856A84-8E10-4907-BBBF-3303A5CA08A4} = {0AB3BF05-4346-4AA6-1389-037BE0695223}
		{1BA14BB4-F77D-4FE0-9577-277DDAC044A0} = {0AB3BF05-4346-4AA6-1389-037BE0695223}
		{8E43A100-86F6-4CE5-8530-648532B375DC} = {827E0CD3-B72D-47B6-A68D-7590B98EB39B}
		{5D538DC8-BFEF-4F42-B27D-8F207532212C} = {827E0CD3-B72D-47B6-A68D-7590B98EB39B}
		{C57882BB-1F0B-467C-91EE-35870B6FE813} = {0AB3BF05-4346-4AA6-1389-037BE0695223}
		{A1B2C3D4-E5F6-4A5B-8C7D-9E0F1A2B3C4D} = {0AB3BF05-4346-4AA6-1389-037BE0695223}
		{51E3BC71-6EA3-4361-A9AC-46014057F79C} = {0AB3BF05-4346-4AA6-1389-037BE0695223}
	EndGlobalSection
EndGlobal
